
Microsoft Visual Studio Solution File, Format Version 12.00
# Visual Studio 15
VisualStudioVersion = 15.0.27703.2042
MinimumVisualStudioVersion = 10.0.40219.1
Project("{FAE04EC0-301F-11D3-BF4B-00C04F79EFBC}") = "ConsoleApp3", "ConsoleApp3\ConsoleApp3.csproj", "{12B985B0-210B-493C-AE72-FA7CE83E72C3}"
EndProject
Global
	GlobalSection(SolutionConfigurationPlatforms) = preSolution
		Debug|Any CPU = Debug|Any CPU
		Release|Any CPU = Release|Any CPU
	EndGlobalSection
	GlobalSection(ProjectConfigurationPlatforms) = postSolution
		{12B985B0-210B-493C-AE72-FA7CE83E72C3}.Debug|Any CPU.ActiveCfg = Debug|Any CPU
		{12B985B0-210B-493C-AE72-FA7CE83E72C3}.Debug|Any CPU.Build.0 = Debug|Any CPU
		{12B985B0-210B-493C-AE72-FA7CE83E72C3}.Release|Any CPU.ActiveCfg = Release|Any CPU
		{12B985B0-210B-493C-AE72-FA7CE83E72C3}.Release|Any CPU.Build.0 = Release|Any CPU
	EndGlobalSection
	GlobalSection(SolutionProperties) = preSolution
		HideSolutionNode = FALSE
	EndGlobalSection
	GlobalSection(ExtensibilityGlobals) = postSolution
		SolutionGuid = {C7A5FC1B-1B07-4AF9-BCEA-3B8856FA5E37}
	EndGlobalSection
EndGlobal
